
Microsoft Visual Studio Solution File, Format Version 12.00
# Visual Studio Version 17
VisualStudioVersion = 17.5.002.0
MinimumVisualStudioVersion = 10.0.40219.1
Project("{9A19103F-16F7-4668-BE54-9A1E7A4F7556}") = "PokemonApi", "PokemonApi.csproj", "{BBAF2EA7-81B7-4424-AEFA-0DC9283862EE}"
EndProject
Global
	GlobalSection(SolutionConfigurationPlatforms) = preSolution
		Debug|Any CPU = Debug|Any CPU
		Release|Any CPU = Release|Any CPU
	EndGlobalSection
	GlobalSection(ProjectConfigurationPlatforms) = postSolution
		{BBAF2EA7-81B7-4424-AEFA-0DC9283862EE}.Debug|Any CPU.ActiveCfg = Debug|Any CPU
		{BBAF2EA7-81B7-4424-AEFA-0DC9283862EE}.Debug|Any CPU.Build.0 = Debug|Any CPU
		{BBAF2EA7-81B7-4424-AEFA-0DC9283862EE}.Release|Any CPU.ActiveCfg = Release|Any CPU
		{BBAF2EA7-81B7-4424-AEFA-0DC9283862EE}.Release|Any CPU.Build.0 = Release|Any CPU
	EndGlobalSection
	GlobalSection(SolutionProperties) = preSolution
		HideSolutionNode = FALSE
	EndGlobalSection
	GlobalSection(ExtensibilityGlobals) = postSolution
		SolutionGuid = {961EF468-F8C1-44B5-BC53-CF50A795FA22}
	EndGlobalSection
EndGlobal
